{
  "requires": true,
  "lockfileVersion": 1,
  "dependencies": {
    "window-date-picker": {
      "version": "1.0.1",
      "resolved": "https://registry.npmjs.org/window-date-picker/-/window-date-picker-1.0.1.tgz",
      "integrity": "sha512-r861DiOrZyCdiOwr/csfp81Zho/A/YvCyrWQQUTNBZBC1zKrgIkG22Jx8jRMX3vFWJUX2BNoLzD8zNkLljZ5Gw=="
    }
  }
}
